
Microsoft Visual Studio Solution File, Format Version 12.00
# Visual Studio Version 17
VisualStudioVersion = 17.14.36408.4 d17.14
MinimumVisualStudioVersion = 10.0.40219.1
Project("{D2ABAB84-BF74-430A-B69E-9DC6D40DDA17}") = "SSAS_Project", "SSAS_Project.dwproj", "{1DEBE27D-447A-437D-CC16-B8BD9AE59957}"
EndProject
Global
	GlobalSection(SolutionConfigurationPlatforms) = preSolution
		Development|Default = Development|Default
	EndGlobalSection
	GlobalSection(ProjectConfigurationPlatforms) = postSolution
		{1DEBE27D-447A-437D-CC16-B8BD9AE59957}.Development|Default.ActiveCfg = Development
		{1DEBE27D-447A-437D-CC16-B8BD9AE59957}.Development|Default.Build.0 = Development
		{1DEBE27D-447A-437D-CC16-B8BD9AE59957}.Development|Default.Deploy.0 = Development
	EndGlobalSection
	GlobalSection(SolutionProperties) = preSolution
		HideSolutionNode = FALSE
	EndGlobalSection
	GlobalSection(ExtensibilityGlobals) = postSolution
		SolutionGuid = {9EA81551-20EF-42EC-8FCF-32A18F31B4BF}
	EndGlobalSection
EndGlobal
